
Microsoft Visual Studio Solution File, Format Version 12.00
# Visual Studio Version 16
VisualStudioVersion = 16.0.30717.126
MinimumVisualStudioVersion = 10.0.40219.1
Project("{FAE04EC0-301F-11D3-BF4B-00C04F79EFBC}") = "SignalRChat", "SignalRChat\SignalRChat.csproj", "{BCCD798D-24B1-423D-8558-738229201818}"
EndProject
Global
	GlobalSection(SolutionConfigurationPlatforms) = preSolution
		Debug|Any CPU = Debug|Any CPU
		Release|Any CPU = Release|Any CPU
	EndGlobalSection
	GlobalSection(ProjectConfigurationPlatforms) = postSolution
		{BCCD798D-24B1-423D-8558-738229201818}.Debug|Any CPU.ActiveCfg = Debug|Any CPU
		{BCCD798D-24B1-423D-8558-738229201818}.Debug|Any CPU.Build.0 = Debug|Any CPU
		{BCCD798D-24B1-423D-8558-738229201818}.Release|Any CPU.ActiveCfg = Release|Any CPU
		{BCCD798D-24B1-423D-8558-738229201818}.Release|Any CPU.Build.0 = Release|Any CPU
	EndGlobalSection
	GlobalSection(SolutionProperties) = preSolution
		HideSolutionNode = FALSE
	EndGlobalSection
	GlobalSection(ExtensibilityGlobals) = postSolution
		SolutionGuid = {2851D816-228A-48A2-BB5C-7FF0BC903CF5}
	EndGlobalSection
EndGlobal
